// !$*UTF8*$!
{
	archiveVersion = 1;
	classes = {
	};
	objectVersion = 50;
	objects = {

/* Begin PBXBuildFile section */
		4FC9364725A7F42400E16E40 /* WeatherViewController.swift in Sources */ = {isa = PBXBuildFile; fileRef = 4FC9364625A7F42400E16E40 /* WeatherViewController.swift */; };
		4FC9364C25A7F7EC00E16E40 /* WeatherData.swift in Sources */ = {isa = PBXBuildFile; fileRef = 4FC9364B25A7F7EC00E16E40 /* WeatherData.swift */; };
		4FC9365125A7F8CA00E16E40 /* WeatherTableViewCell.swift in Sources */ = {isa = PBXBuildFile; fileRef = 4FC9365025A7F8CA00E16E40 /* WeatherTableViewCell.swift */; };
		4FC9365C25A82BBD00E16E40 /* DetailViewController.swift in Sources */ = {isa = PBXBuildFile; fileRef = 4FC9365B25A82BBD00E16E40 /* DetailViewController.swift */; };
		4FD4303F25A7103F0024BE74 /* AppDelegate.swift in Sources */ = {isa = PBXBuildFile; fileRef = 4FD4303E25A7103F0024BE74 /* AppDelegate.swift */; };
		4FD4304125A7103F0024BE74 /* SceneDelegate.swift in Sources */ = {isa = PBXBuildFile; fileRef = 4FD4304025A7103F0024BE74 /* SceneDelegate.swift */; };
		4FD4304325A7103F0024BE74 /* ViewController.swift in Sources */ = {isa = PBXBuildFile; fileRef = 4FD4304225A7103F0024BE74 /* ViewController.swift */; };
		4FD4304625A7103F0024BE74 /* Main.storyboard in Resources */ = {isa = PBXBuildFile; fileRef = 4FD4304425A7103F0024BE74 /* Main.storyboard */; };
		4FD4304825A710400024BE74 /* Assets.xcassets in Resources */ = {isa = PBXBuildFile; fileRef = 4FD4304725A710400024BE74 /* Assets.xcassets */; };
		4FD4304B25A710400024BE74 /* LaunchScreen.storyboard in Resources */ = {isa = PBXBuildFile; fileRef = 4FD4304925A710400024BE74 /* LaunchScreen.storyboard */; };
		4FD4305625A710400024BE74 /* __WeatherTests.swift in Sources */ = {isa = PBXBuildFile; fileRef = 4FD4305525A710400024BE74 /* __WeatherTests.swift */; };
		4FD4306125A710400024BE74 /* __WeatherUITests.swift in Sources */ = {isa = PBXBuildFile; fileRef = 4FD4306025A710400024BE74 /* __WeatherUITests.swift */; };
		4FD4308625A74A1A0024BE74 /* CountryTableViewCell.swift in Sources */ = {isa = PBXBuildFile; fileRef = 4FD4308525A74A1A0024BE74 /* CountryTableViewCell.swift */; };
		4FD4309725A7EC9B0024BE74 /* Country.swift in Sources */ = {isa = PBXBuildFile; fileRef = 4FD4309625A7EC9B0024BE74 /* Country.swift */; };
/* End PBXBuildFile section */

/* Begin PBXContainerItemProxy section */
		4FD4305225A710400024BE74 /* PBXContainerItemProxy */ = {
			isa = PBXContainerItemProxy;
			containerPortal = 4FD4303325A7103F0024BE74 /* Project object */;
			proxyType = 1;
			remoteGlobalIDString = 4FD4303A25A7103F0024BE74;
			remoteInfo = 3.Weather;
		};
		4FD4305D25A710400024BE74 /* PBXContainerItemProxy */ = {
			isa = PBXContainerItemProxy;
			containerPortal = 4FD4303325A7103F0024BE74 /* Project object */;
			proxyType = 1;
			remoteGlobalIDString = 4FD4303A25A7103F0024BE74;
			remoteInfo = 3.Weather;
		};
/* End PBXContainerItemProxy section */

/* Begin PBXFileReference section */
		4FC9364625A7F42400E16E40 /* WeatherViewController.swift */ = {isa = PBXFileReference; lastKnownFileType = sourcecode.swift; path = WeatherViewController.swift; sourceTree = "<group>"; };
		4FC9364B25A7F7EC00E16E40 /* WeatherData.swift */ = {isa = PBXFileReference; lastKnownFileType = sourcecode.swift; path = WeatherData.swift; sourceTree = "<group>"; };
		4FC9365025A7F8CA00E16E40 /* WeatherTableViewCell.swift */ = {isa = PBXFileReference; lastKnownFileType = sourcecode.swift; path = WeatherTableViewCell.swift; sourceTree = "<group>"; };
		4FC9365B25A82BBD00E16E40 /* DetailViewController.swift */ = {isa = PBXFileReference; lastKnownFileType = sourcecode.swift; path = DetailViewController.swift; sourceTree = "<group>"; };
		4FD4303B25A7103F0024BE74 /* 3.Weather.app */ = {isa = PBXFileReference; explicitFileType = wrapper.application; includeInIndex = 0; path = 3.Weather.app; sourceTree = BUILT_PRODUCTS_DIR; };
		4FD4303E25A7103F0024BE74 /* AppDelegate.swift */ = {isa = PBXFileReference; lastKnownFileType = sourcecode.swift; path = AppDelegate.swift; sourceTree = "<group>"; };
		4FD4304025A7103F0024BE74 /* SceneDelegate.swift */ = {isa = PBXFileReference; lastKnownFileType = sourcecode.swift; path = SceneDelegate.swift; sourceTree = "<group>"; };
		4FD4304225A7103F0024BE74 /* ViewController.swift */ = {isa = PBXFileReference; lastKnownFileType = sourcecode.swift; path = ViewController.swift; sourceTree = "<group>"; };
		4FD4304525A7103F0024BE74 /* Base */ = {isa = PBXFileReference; lastKnownFileType = file.storyboard; name = Base; path = Base.lproj/Main.storyboard; sourceTree = "<group>"; };
		4FD4304725A710400024BE74 /* Assets.xcassets */ = {isa = PBXFileReference; lastKnownFileType = folder.assetcatalog; path = Assets.xcassets; sourceTree = "<group>"; };
		4FD4304A25A710400024BE74 /* Base */ = {isa = PBXFileReference; lastKnownFileType = file.storyboard; name = Base; path = Base.lproj/LaunchScreen.storyboard; sourceTree = "<group>"; };
		4FD4304C25A710400024BE74 /* Info.plist */ = {isa = PBXFileReference; lastKnownFileType = text.plist.xml; path = Info.plist; sourceTree = "<group>"; };
		4FD4305125A710400024BE74 /* 3.WeatherTests.xctest */ = {isa = PBXFileReference; explicitFileType = wrapper.cfbundle; includeInIndex = 0; path = 3.WeatherTests.xctest; sourceTree = BUILT_PRODUCTS_DIR; };
		4FD4305525A710400024BE74 /* __WeatherTests.swift */ = {isa = PBXFileReference; lastKnownFileType = sourcecode.swift; path = __WeatherTests.swift; sourceTree = "<group>"; };
		4FD4305725A710400024BE74 /* Info.plist */ = {isa = PBXFileReference; lastKnownFileType = text.plist.xml; path = Info.plist; sourceTree = "<group>"; };
		4FD4305C25A710400024BE74 /* 3.WeatherUITests.xctest */ = {isa = PBXFileReference; explicitFileType = wrapper.cfbundle; includeInIndex = 0; path = 3.WeatherUITests.xctest; sourceTree = BUILT_PRODUCTS_DIR; };
		4FD4306025A710400024BE74 /* __WeatherUITests.swift */ = {isa = PBXFileReference; lastKnownFileType = sourcecode.swift; path = __WeatherUITests.swift; sourceTree = "<group>"; };
		4FD4306225A710400024BE74 /* Info.plist */ = {isa = PBXFileReference; lastKnownFileType = text.plist.xml; path = Info.plist; sourceTree = "<group>"; };
		4FD4308525A74A1A0024BE74 /* CountryTableViewCell.swift */ = {isa = PBXFileReference; lastKnownFileType = sourcecode.swift; path = CountryTableViewCell.swift; sourceTree = "<group>"; };
		4FD4309625A7EC9B0024BE74 /* Country.swift */ = {isa = PBXFileReference; lastKnownFileType = sourcecode.swift; path = Country.swift; sourceTree = "<group>"; };
/* End PBXFileReference section */

/* Begin PBXFrameworksBuildPhase section */
		4FD4303825A7103F0024BE74 /* Frameworks */ = {
			isa = PBXFrameworksBuildPhase;
			buildActionMask = 2147483647;
			files = (
			);
			runOnlyForDeploymentPostprocessing = 0;
		};
		4FD4304E25A710400024BE74 /* Frameworks */ = {
			isa = PBXFrameworksBuildPhase;
			buildActionMask = 2147483647;
			files = (
			);
			runOnlyForDeploymentPostprocessing = 0;
		};
		4FD4305925A710400024BE74 /* Frameworks */ = {
			isa = PBXFrameworksBuildPhase;
			buildActionMask = 2147483647;
			files = (
			);
			runOnlyForDeploymentPostprocessing = 0;
		};
/* End PBXFrameworksBuildPhase section */

/* Begin PBXGroup section */
		4FD4303225A7103F0024BE74 = {
			isa = PBXGroup;
			children = (
				4FD4303D25A7103F0024BE74 /* 3.Weather */,
				4FD4305425A710400024BE74 /* 3.WeatherTests */,
				4FD4305F25A710400024BE74 /* 3.WeatherUITests */,
				4FD4303C25A7103F0024BE74 /* Products */,
			);
			sourceTree = "<group>";
		};
		4FD4303C25A7103F0024BE74 /* Products */ = {
			isa = PBXGroup;
			children = (
				4FD4303B25A7103F0024BE74 /* 3.Weather.app */,
				4FD4305125A710400024BE74 /* 3.WeatherTests.xctest */,
				4FD4305C25A710400024BE74 /* 3.WeatherUITests.xctest */,
			);
			name = Products;
			sourceTree = "<group>";
		};
		4FD4303D25A7103F0024BE74 /* 3.Weather */ = {
			isa = PBXGroup;
			children = (
				4FD4303E25A7103F0024BE74 /* AppDelegate.swift */,
				4FD4304025A7103F0024BE74 /* SceneDelegate.swift */,
				4FD4308F25A74B4C0024BE74 /* model */,
				4FD4308D25A74B220024BE74 /* controller */,
				4FD4304425A7103F0024BE74 /* Main.storyboard */,
				4FD4304725A710400024BE74 /* Assets.xcassets */,
				4FD4304925A710400024BE74 /* LaunchScreen.storyboard */,
				4FD4304C25A710400024BE74 /* Info.plist */,
			);
			path = 3.Weather;
			sourceTree = "<group>";
		};
		4FD4305425A710400024BE74 /* 3.WeatherTests */ = {
			isa = PBXGroup;
			children = (
				4FD4305525A710400024BE74 /* __WeatherTests.swift */,
				4FD4305725A710400024BE74 /* Info.plist */,
			);
			path = 3.WeatherTests;
			sourceTree = "<group>";
		};
		4FD4305F25A710400024BE74 /* 3.WeatherUITests */ = {
			isa = PBXGroup;
			children = (
				4FD4306025A710400024BE74 /* __WeatherUITests.swift */,
				4FD4306225A710400024BE74 /* Info.plist */,
			);
			path = 3.WeatherUITests;
			sourceTree = "<group>";
		};
		4FD4308D25A74B220024BE74 /* controller */ = {
			isa = PBXGroup;
			children = (
				4FD4304225A7103F0024BE74 /* ViewController.swift */,
				4FC9364625A7F42400E16E40 /* WeatherViewController.swift */,
				4FC9365B25A82BBD00E16E40 /* DetailViewController.swift */,
			);
			path = controller;
			sourceTree = "<group>";
		};
		4FD4308F25A74B4C0024BE74 /* model */ = {
			isa = PBXGroup;
			children = (
				4FD4309625A7EC9B0024BE74 /* Country.swift */,
				4FD4308525A74A1A0024BE74 /* CountryTableViewCell.swift */,
				4FC9364B25A7F7EC00E16E40 /* WeatherData.swift */,
				4FC9365025A7F8CA00E16E40 /* WeatherTableViewCell.swift */,
			);
			path = model;
			sourceTree = "<group>";
		};
/* End PBXGroup section */

/* Begin PBXNativeTarget section */
		4FD4303A25A7103F0024BE74 /* 3.Weather */ = {
			isa = PBXNativeTarget;
			buildConfigurationList = 4FD4306525A710400024BE74 /* Build configuration list for PBXNativeTarget "3.Weather" */;
			buildPhases = (
				4FD4303725A7103F0024BE74 /* Sources */,
				4FD4303825A7103F0024BE74 /* Frameworks */,
				4FD4303925A7103F0024BE74 /* Resources */,
			);
			buildRules = (
			);
			dependencies = (
			);
			name = 3.Weather;
			productName = 3.Weather;
			productReference = 4FD4303B25A7103F0024BE74 /* 3.Weather.app */;
			productType = "com.apple.product-type.application";
		};
		4FD4305025A710400024BE74 /* 3.WeatherTests */ = {
			isa = PBXNativeTarget;
			buildConfigurationList = 4FD4306825A710400024BE74 /* Build configuration list for PBXNativeTarget "3.WeatherTests" */;
			buildPhases = (
				4FD4304D25A710400024BE74 /* Sources */,
				4FD4304E25A710400024BE74 /* Frameworks */,
				4FD4304F25A710400024BE74 /* Resources */,
			);
			buildRules = (
			);
			dependencies = (
				4FD4305325A710400024BE74 /* PBXTargetDependency */,
			);
			name = 3.WeatherTests;
			productName = 3.WeatherTests;
			productReference = 4FD4305125A710400024BE74 /* 3.WeatherTests.xctest */;
			productType = "com.apple.product-type.bundle.unit-test";
		};
		4FD4305B25A710400024BE74 /* 3.WeatherUITests */ = {
			isa = PBXNativeTarget;
			buildConfigurationList = 4FD4306B25A710400024BE74 /* Build configuration list for PBXNativeTarget "3.WeatherUITests" */;
			buildPhases = (
				4FD4305825A710400024BE74 /* Sources */,
				4FD4305925A710400024BE74 /* Frameworks */,
				4FD4305A25A710400024BE74 /* Resources */,
			);
			buildRules = (
			);
			dependencies = (
				4FD4305E25A710400024BE74 /* PBXTargetDependency */,
			);
			name = 3.WeatherUITests;
			productName = 3.WeatherUITests;
			productReference = 4FD4305C25A710400024BE74 /* 3.WeatherUITests.xctest */;
			productType = "com.apple.product-type.bundle.ui-testing";
		};
/* End PBXNativeTarget section */

/* Begin PBXProject section */
		4FD4303325A7103F0024BE74 /* Project object */ = {
			isa = PBXProject;
			attributes = {
				LastSwiftUpdateCheck = 1230;
				LastUpgradeCheck = 1230;
				TargetAttributes = {
					4FD4303A25A7103F0024BE74 = {
						CreatedOnToolsVersion = 12.3;
					};
					4FD4305025A710400024BE74 = {
						CreatedOnToolsVersion = 12.3;
						TestTargetID = 4FD4303A25A7103F0024BE74;
					};
					4FD4305B25A710400024BE74 = {
						CreatedOnToolsVersion = 12.3;
						TestTargetID = 4FD4303A25A7103F0024BE74;
					};
				};
			};
			buildConfigurationList = 4FD4303625A7103F0024BE74 /* Build configuration list for PBXProject "3.Weather" */;
			compatibilityVersion = "Xcode 9.3";
			developmentRegion = en;
			hasScannedForEncodings = 0;
			knownRegions = (
				en,
				Base,
			);
			mainGroup = 4FD4303225A7103F0024BE74;
			productRefGroup = 4FD4303C25A7103F0024BE74 /* Products */;
			projectDirPath = "";
			projectRoot = "";
			targets = (
				4FD4303A25A7103F0024BE74 /* 3.Weather */,
				4FD4305025A710400024BE74 /* 3.WeatherTests */,
				4FD4305B25A710400024BE74 /* 3.WeatherUITests */,
			);
		};
/* End PBXProject section */

/* Begin PBXResourcesBuildPhase section */
		4FD4303925A7103F0024BE74 /* Resources */ = {
			isa = PBXResourcesBuildPhase;
			buildActionMask = 2147483647;
			files = (
				4FD4304B25A710400024BE74 /* LaunchScreen.storyboard in Resources */,
				4FD4304825A710400024BE74 /* Assets.xcassets in Resources */,
				4FD4304625A7103F0024BE74 /* Main.storyboard in Resources */,
			);
			runOnlyForDeploymentPostprocessing = 0;
		};
		4FD4304F25A710400024BE74 /* Resources */ = {
			isa = PBXResourcesBuildPhase;
			buildActionMask = 2147483647;
			files = (
			);
			runOnlyForDeploymentPostprocessing = 0;
		};
		4FD4305A25A710400024BE74 /* Resources */ = {
			isa = PBXResourcesBuildPhase;
			buildActionMask = 2147483647;
			files = (
			);
			runOnlyForDeploymentPostprocessing = 0;
		};
/* End PBXResourcesBuildPhase section */

/* Begin PBXSourcesBuildPhase section */
		4FD4303725A7103F0024BE74 /* Sources */ = {
			isa = PBXSourcesBuildPhase;
			buildActionMask = 2147483647;
			files = (
				4FC9365C25A82BBD00E16E40 /* DetailViewController.swift in Sources */,
				4FC9365125A7F8CA00E16E40 /* WeatherTableViewCell.swift in Sources */,
				4FD4308625A74A1A0024BE74 /* CountryTableViewCell.swift in Sources */,
				4FC9364725A7F42400E16E40 /* WeatherViewController.swift in Sources */,
				4FC9364C25A7F7EC00E16E40 /* WeatherData.swift in Sources */,
				4FD4304325A7103F0024BE74 /* ViewController.swift in Sources */,
				4FD4303F25A7103F0024BE74 /* AppDelegate.swift in Sources */,
				4FD4309725A7EC9B0024BE74 /* Country.swift in Sources */,
				4FD4304125A7103F0024BE74 /* SceneDelegate.swift in Sources */,
			);
			runOnlyForDeploymentPostprocessing = 0;
		};
		4FD4304D25A710400024BE74 /* Sources */ = {
			isa = PBXSourcesBuildPhase;
			buildActionMask = 2147483647;
			files = (
				4FD4305625A710400024BE74 /* __WeatherTests.swift in Sources */,
			);
			runOnlyForDeploymentPostprocessing = 0;
		};
		4FD4305825A710400024BE74 /* Sources */ = {
			isa = PBXSourcesBuildPhase;
			buildActionMask = 2147483647;
			files = (
				4FD4306125A710400024BE74 /* __WeatherUITests.swift in Sources */,
			);
			runOnlyForDeploymentPostprocessing = 0;
		};
/* End PBXSourcesBuildPhase section */

/* Begin PBXTargetDependency section */
		4FD4305325A710400024BE74 /* PBXTargetDependency */ = {
			isa = PBXTargetDependency;
			target = 4FD4303A25A7103F0024BE74 /* 3.Weather */;
			targetProxy = 4FD4305225A710400024BE74 /* PBXContainerItemProxy */;
		};
		4FD4305E25A710400024BE74 /* PBXTargetDependency */ = {
			isa = PBXTargetDependency;
			target = 4FD4303A25A7103F0024BE74 /* 3.Weather */;
			targetProxy = 4FD4305D25A710400024BE74 /* PBXContainerItemProxy */;
		};
/* End PBXTargetDependency section */

/* Begin PBXVariantGroup section */
		4FD4304425A7103F0024BE74 /* Main.storyboard */ = {
			isa = PBXVariantGroup;
			children = (
				4FD4304525A7103F0024BE74 /* Base */,
			);
			name = Main.storyboard;
			sourceTree = "<group>";
		};
		4FD4304925A710400024BE74 /* LaunchScreen.storyboard */ = {
			isa = PBXVariantGroup;
			children = (
				4FD4304A25A710400024BE74 /* Base */,
			);
			name = LaunchScreen.storyboard;
			sourceTree = "<group>";
		};
/* End PBXVariantGroup section */

/* Begin XCBuildConfiguration section */
		4FD4306325A710400024BE74 /* Debug */ = {
			isa = XCBuildConfiguration;
			buildSettings = {
				ALWAYS_SEARCH_USER_PATHS = NO;
				CLANG_ANALYZER_NONNULL = YES;
				CLANG_ANALYZER_NUMBER_OBJECT_CONVERSION = YES_AGGRESSIVE;
				CLANG_CXX_LANGUAGE_STANDARD = "gnu++14";
				CLANG_CXX_LIBRARY = "libc++";
				CLANG_ENABLE_MODULES = YES;
				CLANG_ENABLE_OBJC_ARC = YES;
				CLANG_ENABLE_OBJC_WEAK = YES;
				CLANG_WARN_BLOCK_CAPTURE_AUTORELEASING = YES;
				CLANG_WARN_BOOL_CONVERSION = YES;
				CLANG_WARN_COMMA = YES;
				CLANG_WARN_CONSTANT_CONVERSION = YES;
				CLANG_WARN_DEPRECATED_OBJC_IMPLEMENTATIONS = YES;
				CLANG_WARN_DIRECT_OBJC_ISA_USAGE = YES_ERROR;
				CLANG_WARN_DOCUMENTATION_COMMENTS = YES;
				CLANG_WARN_EMPTY_BODY = YES;
				CLANG_WARN_ENUM_CONVERSION = YES;
				CLANG_WARN_INFINITE_RECURSION = YES;
				CLANG_WARN_INT_CONVERSION = YES;
				CLANG_WARN_NON_LITERAL_NULL_CONVERSION = YES;
				CLANG_WARN_OBJC_IMPLICIT_RETAIN_SELF = YES;
				CLANG_WARN_OBJC_LITERAL_CONVERSION = YES;
				CLANG_WARN_OBJC_ROOT_CLASS = YES_ERROR;
				CLANG_WARN_QUOTED_INCLUDE_IN_FRAMEWORK_HEADER = YES;
				CLANG_WARN_RANGE_LOOP_ANALYSIS = YES;
				CLANG_WARN_STRICT_PROTOTYPES = YES;
				CLANG_WARN_SUSPICIOUS_MOVE = YES;
				CLANG_WARN_UNGUARDED_AVAILABILITY = YES_AGGRESSIVE;
				CLANG_WARN_UNREACHABLE_CODE = YES;
				CLANG_WARN__DUPLICATE_METHOD_MATCH = YES;
				COPY_PHASE_STRIP = NO;
				DEBUG_INFORMATION_FORMAT = dwarf;
				ENABLE_STRICT_OBJC_MSGSEND = YES;
				ENABLE_TESTABILITY = YES;
				GCC_C_LANGUAGE_STANDARD = gnu11;
				GCC_DYNAMIC_NO_PIC = NO;
				GCC_NO_COMMON_BLOCKS = YES;
				GCC_OPTIMIZATION_LEVEL = 0;
				GCC_PREPROCESSOR_DEFINITIONS = (
					"DEBUG=1",
					"$(inherited)",
				);
				GCC_WARN_64_TO_32_BIT_CONVERSION = YES;
				GCC_WARN_ABOUT_RETURN_TYPE = YES_ERROR;
				GCC_WARN_UNDECLARED_SELECTOR = YES;
				GCC_WARN_UNINITIALIZED_AUTOS = YES_AGGRESSIVE;
				GCC_WARN_UNUSED_FUNCTION = YES;
				GCC_WARN_UNUSED_VARIABLE = YES;
				IPHONEOS_DEPLOYMENT_TARGET = 14.3;
				MTL_ENABLE_DEBUG_INFO = INCLUDE_SOURCE;
				MTL_FAST_MATH = YES;
				ONLY_ACTIVE_ARCH = YES;
				SDKROOT = iphoneos;
				SWIFT_ACTIVE_COMPILATION_CONDITIONS = DEBUG;
				SWIFT_OPTIMIZATION_LEVEL = "-Onone";
			};
			name = Debug;
		};
		4FD4306425A710400024BE74 /* Release */ = {
			isa = XCBuildConfiguration;
			buildSettings = {
				ALWAYS_SEARCH_USER_PATHS = NO;
				CLANG_ANALYZER_NONNULL = YES;
				CLANG_ANALYZER_NUMBER_OBJECT_CONVERSION = YES_AGGRESSIVE;
				CLANG_CXX_LANGUAGE_STANDARD = "gnu++14";
				CLANG_CXX_LIBRARY = "libc++";
				CLANG_ENABLE_MODULES = YES;
				CLANG_ENABLE_OBJC_ARC = YES;
				CLANG_ENABLE_OBJC_WEAK = YES;
				CLANG_WARN_BLOCK_CAPTURE_AUTORELEASING = YES;
				CLANG_WARN_BOOL_CONVERSION = YES;
				CLANG_WARN_COMMA = YES;
				CLANG_WARN_CONSTANT_CONVERSION = YES;
				CLANG_WARN_DEPRECATED_OBJC_IMPLEMENTATIONS = YES;
				CLANG_WARN_DIRECT_OBJC_ISA_USAGE = YES_ERROR;
				CLANG_WARN_DOCUMENTATION_COMMENTS = YES;
				CLANG_WARN_EMPTY_BODY = YES;
				CLANG_WARN_ENUM_CONVERSION = YES;
				CLANG_WARN_INFINITE_RECURSION = YES;
				CLANG_WARN_INT_CONVERSION = YES;
				CLANG_WARN_NON_LITERAL_NULL_CONVERSION = YES;
				CLANG_WARN_OBJC_IMPLICIT_RETAIN_SELF = YES;
				CLANG_WARN_OBJC_LITERAL_CONVERSION = YES;
				CLANG_WARN_OBJC_ROOT_CLASS = YES_ERROR;
				CLANG_WARN_QUOTED_INCLUDE_IN_FRAMEWORK_HEADER = YES;
				CLANG_WARN_RANGE_LOOP_ANALYSIS = YES;
				CLANG_WARN_STRICT_PROTOTYPES = YES;
				CLANG_WARN_SUSPICIOUS_MOVE = YES;
				CLANG_WARN_UNGUARDED_AVAILABILITY = YES_AGGRESSIVE;
				CLANG_WARN_UNREACHABLE_CODE = YES;
				CLANG_WARN__DUPLICATE_METHOD_MATCH = YES;
				COPY_PHASE_STRIP = NO;
				DEBUG_INFORMATION_FORMAT = "dwarf-with-dsym";
				ENABLE_NS_ASSERTIONS = NO;
				ENABLE_STRICT_OBJC_MSGSEND = YES;
				GCC_C_LANGUAGE_STANDARD = gnu11;
				GCC_NO_COMMON_BLOCKS = YES;
				GCC_WARN_64_TO_32_BIT_CONVERSION = YES;
				GCC_WARN_ABOUT_RETURN_TYPE = YES_ERROR;
				GCC_WARN_UNDECLARED_SELECTOR = YES;
				GCC_WARN_UNINITIALIZED_AUTOS = YES_AGGRESSIVE;
				GCC_WARN_UNUSED_FUNCTION = YES;
				GCC_WARN_UNUSED_VARIABLE = YES;
				IPHONEOS_DEPLOYMENT_TARGET = 14.3;
				MTL_ENABLE_DEBUG_INFO = NO;
				MTL_FAST_MATH = YES;
				SDKROOT = iphoneos;
				SWIFT_COMPILATION_MODE = wholemodule;
				SWIFT_OPTIMIZATION_LEVEL = "-O";
				VALIDATE_PRODUCT = YES;
			};
			name = Release;
		};
		4FD4306625A710400024BE74 /* Debug */ = {
			isa = XCBuildConfiguration;
			buildSettings = {
				ASSETCATALOG_COMPILER_APPICON_NAME = AppIcon;
				ASSETCATALOG_COMPILER_GLOBAL_ACCENT_COLOR_NAME = AccentColor;
				CODE_SIGN_STYLE = Automatic;
				INFOPLIST_FILE = 3.Weather/Info.plist;
				LD_RUNPATH_SEARCH_PATHS = (
					"$(inherited)",
					"@executable_path/Frameworks",
				);
				PRODUCT_BUNDLE_IDENTIFIER = "ios.--Weather";
				PRODUCT_NAME = "$(TARGET_NAME)";
				SWIFT_VERSION = 5.0;
				TARGETED_DEVICE_FAMILY = "1,2";
			};
			name = Debug;
		};
		4FD4306725A710400024BE74 /* Release */ = {
			isa = XCBuildConfiguration;
			buildSettings = {
				ASSETCATALOG_COMPILER_APPICON_NAME = AppIcon;
				ASSETCATALOG_COMPILER_GLOBAL_ACCENT_COLOR_NAME = AccentColor;
				CODE_SIGN_STYLE = Automatic;
				INFOPLIST_FILE = 3.Weather/Info.plist;
				LD_RUNPATH_SEARCH_PATHS = (
					"$(inherited)",
					"@executable_path/Frameworks",
				);
				PRODUCT_BUNDLE_IDENTIFIER = "ios.--Weather";
				PRODUCT_NAME = "$(TARGET_NAME)";
				SWIFT_VERSION = 5.0;
				TARGETED_DEVICE_FAMILY = "1,2";
			};
			name = Release;
		};
		4FD4306925A710400024BE74 /* Debug */ = {
			isa = XCBuildConfiguration;
			buildSettings = {
				ALWAYS_EMBED_SWIFT_STANDARD_LIBRARIES = YES;
				BUNDLE_LOADER = "$(TEST_HOST)";
				CODE_SIGN_STYLE = Automatic;
				INFOPLIST_FILE = 3.WeatherTests/Info.plist;
				IPHONEOS_DEPLOYMENT_TARGET = 14.3;
				LD_RUNPATH_SEARCH_PATHS = (
					"$(inherited)",
					"@executable_path/Frameworks",
					"@loader_path/Frameworks",
				);
				PRODUCT_BUNDLE_IDENTIFIER = "ios.--WeatherTests";
				PRODUCT_NAME = "$(TARGET_NAME)";
				SWIFT_VERSION = 5.0;
				TARGETED_DEVICE_FAMILY = "1,2";
				TEST_HOST = "$(BUILT_PRODUCTS_DIR)/3.Weather.app/3.Weather";
			};
			name = Debug;
		};
		4FD4306A25A710400024BE74 /* Release */ = {
			isa = XCBuildConfiguration;
			buildSettings = {
				ALWAYS_EMBED_SWIFT_STANDARD_LIBRARIES = YES;
				BUNDLE_LOADER = "$(TEST_HOST)";
				CODE_SIGN_STYLE = Automatic;
				INFOPLIST_FILE = 3.WeatherTests/Info.plist;
				IPHONEOS_DEPLOYMENT_TARGET = 14.3;
				LD_RUNPATH_SEARCH_PATHS = (
					"$(inherited)",
					"@executable_path/Frameworks",
					"@loader_path/Frameworks",
				);
				PRODUCT_BUNDLE_IDENTIFIER = "ios.--WeatherTests";
				PRODUCT_NAME = "$(TARGET_NAME)";
				SWIFT_VERSION = 5.0;
				TARGETED_DEVICE_FAMILY = "1,2";
				TEST_HOST = "$(BUILT_PRODUCTS_DIR)/3.Weather.app/3.Weather";
			};
			name = Release;
		};
		4FD4306C25A710400024BE74 /* Debug */ = {
			isa = XCBuildConfiguration;
			buildSettings = {
				ALWAYS_EMBED_SWIFT_STANDARD_LIBRARIES = YES;
				CODE_SIGN_STYLE = Automatic;
				INFOPLIST_FILE = 3.WeatherUITests/Info.plist;
				LD_RUNPATH_SEARCH_PATHS = (
					"$(inherited)",
					"@executable_path/Frameworks",
					"@loader_path/Frameworks",
				);
				PRODUCT_BUNDLE_IDENTIFIER = "ios.--WeatherUITests";
				PRODUCT_NAME = "$(TARGET_NAME)";
				SWIFT_VERSION = 5.0;
				TARGETED_DEVICE_FAMILY = "1,2";
				TEST_TARGET_NAME = 3.Weather;
			};
			name = Debug;
		};
		4FD4306D25A710400024BE74 /* Release */ = {
			isa = XCBuildConfiguration;
			buildSettings = {
				ALWAYS_EMBED_SWIFT_STANDARD_LIBRARIES = YES;
				CODE_SIGN_STYLE = Automatic;
				INFOPLIST_FILE = 3.WeatherUITests/Info.plist;
				LD_RUNPATH_SEARCH_PATHS = (
					"$(inherited)",
					"@executable_path/Frameworks",
					"@loader_path/Frameworks",
				);
				PRODUCT_BUNDLE_IDENTIFIER = "ios.--WeatherUITests";
				PRODUCT_NAME = "$(TARGET_NAME)";
				SWIFT_VERSION = 5.0;
				TARGETED_DEVICE_FAMILY = "1,2";
				TEST_TARGET_NAME = 3.Weather;
			};
			name = Release;
		};
/* End XCBuildConfiguration section */

/* Begin XCConfigurationList section */
		4FD4303625A7103F0024BE74 /* Build configuration list for PBXProject "3.Weather" */ = {
			isa = XCConfigurationList;
			buildConfigurations = (
				4FD4306325A710400024BE74 /* Debug */,
				4FD4306425A710400024BE74 /* Release */,
			);
			defaultConfigurationIsVisible = 0;
			defaultConfigurationName = Release;
		};
		4FD4306525A710400024BE74 /* Build configuration list for PBXNativeTarget "3.Weather" */ = {
			isa = XCConfigurationList;
			buildConfigurations = (
				4FD4306625A710400024BE74 /* Debug */,
				4FD4306725A710400024BE74 /* Release */,
			);
			defaultConfigurationIsVisible = 0;
			defaultConfigurationName = Release;
		};
		4FD4306825A710400024BE74 /* Build configuration list for PBXNativeTarget "3.WeatherTests" */ = {
			isa = XCConfigurationList;
			buildConfigurations = (
				4FD4306925A710400024BE74 /* Debug */,
				4FD4306A25A710400024BE74 /* Release */,
			);
			defaultConfigurationIsVisible = 0;
			defaultConfigurationName = Release;
		};
		4FD4306B25A710400024BE74 /* Build configuration list for PBXNativeTarget "3.WeatherUITests" */ = {
			isa = XCConfigurationList;
			buildConfigurations = (
				4FD4306C25A710400024BE74 /* Debug */,
				4FD4306D25A710400024BE74 /* Release */,
			);
			defaultConfigurationIsVisible = 0;
			defaultConfigurationName = Release;
		};
/* End XCConfigurationList section */
	};
	rootObject = 4FD4303325A7103F0024BE74 /* Project object */;
}
