// !$*UTF8*$!
{
	archiveVersion = 1;
	classes = {
	};
	objectVersion = 50;
	objects = {

/* Begin PBXBuildFile section */
		4F3D5C3C25A556A70004F512 /* ThirdViewController.swift in Sources */ = {isa = PBXBuildFile; fileRef = 4F3D5C3B25A556A70004F512 /* ThirdViewController.swift */; };
		4F847EE425A4980100627130 /* AppDelegate.swift in Sources */ = {isa = PBXBuildFile; fileRef = 4F847EE325A4980100627130 /* AppDelegate.swift */; };
		4F847EE625A4980100627130 /* SceneDelegate.swift in Sources */ = {isa = PBXBuildFile; fileRef = 4F847EE525A4980100627130 /* SceneDelegate.swift */; };
		4F847EE825A4980100627130 /* ViewController.swift in Sources */ = {isa = PBXBuildFile; fileRef = 4F847EE725A4980100627130 /* ViewController.swift */; };
		4F847EEB25A4980100627130 /* Main.storyboard in Resources */ = {isa = PBXBuildFile; fileRef = 4F847EE925A4980100627130 /* Main.storyboard */; };
		4F847EED25A4980300627130 /* Assets.xcassets in Resources */ = {isa = PBXBuildFile; fileRef = 4F847EEC25A4980300627130 /* Assets.xcassets */; };
		4F847EF025A4980300627130 /* LaunchScreen.storyboard in Resources */ = {isa = PBXBuildFile; fileRef = 4F847EEE25A4980300627130 /* LaunchScreen.storyboard */; };
		4F847EFB25A4980400627130 /* __SignUpTests.swift in Sources */ = {isa = PBXBuildFile; fileRef = 4F847EFA25A4980400627130 /* __SignUpTests.swift */; };
		4F847F0625A4980400627130 /* __SignUpUITests.swift in Sources */ = {isa = PBXBuildFile; fileRef = 4F847F0525A4980400627130 /* __SignUpUITests.swift */; };
		4F99173D25A535C500589ADE /* SecondViewController.swift in Sources */ = {isa = PBXBuildFile; fileRef = 4F99173C25A535C500589ADE /* SecondViewController.swift */; };
/* End PBXBuildFile section */

/* Begin PBXContainerItemProxy section */
		4F847EF725A4980400627130 /* PBXContainerItemProxy */ = {
			isa = PBXContainerItemProxy;
			containerPortal = 4F847ED825A4980000627130 /* Project object */;
			proxyType = 1;
			remoteGlobalIDString = 4F847EDF25A4980100627130;
			remoteInfo = 2.SignUp;
		};
		4F847F0225A4980400627130 /* PBXContainerItemProxy */ = {
			isa = PBXContainerItemProxy;
			containerPortal = 4F847ED825A4980000627130 /* Project object */;
			proxyType = 1;
			remoteGlobalIDString = 4F847EDF25A4980100627130;
			remoteInfo = 2.SignUp;
		};
/* End PBXContainerItemProxy section */

/* Begin PBXFileReference section */
		4F3D5C3B25A556A70004F512 /* ThirdViewController.swift */ = {isa = PBXFileReference; lastKnownFileType = sourcecode.swift; path = ThirdViewController.swift; sourceTree = "<group>"; };
		4F847EE025A4980100627130 /* 2.SignUp.app */ = {isa = PBXFileReference; explicitFileType = wrapper.application; includeInIndex = 0; path = 2.SignUp.app; sourceTree = BUILT_PRODUCTS_DIR; };
		4F847EE325A4980100627130 /* AppDelegate.swift */ = {isa = PBXFileReference; lastKnownFileType = sourcecode.swift; path = AppDelegate.swift; sourceTree = "<group>"; };
		4F847EE525A4980100627130 /* SceneDelegate.swift */ = {isa = PBXFileReference; lastKnownFileType = sourcecode.swift; path = SceneDelegate.swift; sourceTree = "<group>"; };
		4F847EE725A4980100627130 /* ViewController.swift */ = {isa = PBXFileReference; lastKnownFileType = sourcecode.swift; path = ViewController.swift; sourceTree = "<group>"; };
		4F847EEA25A4980100627130 /* Base */ = {isa = PBXFileReference; lastKnownFileType = file.storyboard; name = Base; path = Base.lproj/Main.storyboard; sourceTree = "<group>"; };
		4F847EEC25A4980300627130 /* Assets.xcassets */ = {isa = PBXFileReference; lastKnownFileType = folder.assetcatalog; path = Assets.xcassets; sourceTree = "<group>"; };
		4F847EEF25A4980300627130 /* Base */ = {isa = PBXFileReference; lastKnownFileType = file.storyboard; name = Base; path = Base.lproj/LaunchScreen.storyboard; sourceTree = "<group>"; };
		4F847EF125A4980300627130 /* Info.plist */ = {isa = PBXFileReference; lastKnownFileType = text.plist.xml; path = Info.plist; sourceTree = "<group>"; };
		4F847EF625A4980400627130 /* 2.SignUpTests.xctest */ = {isa = PBXFileReference; explicitFileType = wrapper.cfbundle; includeInIndex = 0; path = 2.SignUpTests.xctest; sourceTree = BUILT_PRODUCTS_DIR; };
		4F847EFA25A4980400627130 /* __SignUpTests.swift */ = {isa = PBXFileReference; lastKnownFileType = sourcecode.swift; path = __SignUpTests.swift; sourceTree = "<group>"; };
		4F847EFC25A4980400627130 /* Info.plist */ = {isa = PBXFileReference; lastKnownFileType = text.plist.xml; path = Info.plist; sourceTree = "<group>"; };
		4F847F0125A4980400627130 /* 2.SignUpUITests.xctest */ = {isa = PBXFileReference; explicitFileType = wrapper.cfbundle; includeInIndex = 0; path = 2.SignUpUITests.xctest; sourceTree = BUILT_PRODUCTS_DIR; };
		4F847F0525A4980400627130 /* __SignUpUITests.swift */ = {isa = PBXFileReference; lastKnownFileType = sourcecode.swift; path = __SignUpUITests.swift; sourceTree = "<group>"; };
		4F847F0725A4980400627130 /* Info.plist */ = {isa = PBXFileReference; lastKnownFileType = text.plist.xml; path = Info.plist; sourceTree = "<group>"; };
		4F99173C25A535C500589ADE /* SecondViewController.swift */ = {isa = PBXFileReference; lastKnownFileType = sourcecode.swift; path = SecondViewController.swift; sourceTree = "<group>"; };
/* End PBXFileReference section */

/* Begin PBXFrameworksBuildPhase section */
		4F847EDD25A4980100627130 /* Frameworks */ = {
			isa = PBXFrameworksBuildPhase;
			buildActionMask = 2147483647;
			files = (
			);
			runOnlyForDeploymentPostprocessing = 0;
		};
		4F847EF325A4980400627130 /* Frameworks */ = {
			isa = PBXFrameworksBuildPhase;
			buildActionMask = 2147483647;
			files = (
			);
			runOnlyForDeploymentPostprocessing = 0;
		};
		4F847EFE25A4980400627130 /* Frameworks */ = {
			isa = PBXFrameworksBuildPhase;
			buildActionMask = 2147483647;
			files = (
			);
			runOnlyForDeploymentPostprocessing = 0;
		};
/* End PBXFrameworksBuildPhase section */

/* Begin PBXGroup section */
		4F847ED725A4980000627130 = {
			isa = PBXGroup;
			children = (
				4F847EE225A4980100627130 /* 2.SignUp */,
				4F847EF925A4980400627130 /* 2.SignUpTests */,
				4F847F0425A4980400627130 /* 2.SignUpUITests */,
				4F847EE125A4980100627130 /* Products */,
			);
			sourceTree = "<group>";
		};
		4F847EE125A4980100627130 /* Products */ = {
			isa = PBXGroup;
			children = (
				4F847EE025A4980100627130 /* 2.SignUp.app */,
				4F847EF625A4980400627130 /* 2.SignUpTests.xctest */,
				4F847F0125A4980400627130 /* 2.SignUpUITests.xctest */,
			);
			name = Products;
			sourceTree = "<group>";
		};
		4F847EE225A4980100627130 /* 2.SignUp */ = {
			isa = PBXGroup;
			children = (
				4F99173B25A5359600589ADE /* Controller */,
				4F847EE325A4980100627130 /* AppDelegate.swift */,
				4F847EE525A4980100627130 /* SceneDelegate.swift */,
				4F847EE925A4980100627130 /* Main.storyboard */,
				4F847EEC25A4980300627130 /* Assets.xcassets */,
				4F847EEE25A4980300627130 /* LaunchScreen.storyboard */,
				4F847EF125A4980300627130 /* Info.plist */,
			);
			path = 2.SignUp;
			sourceTree = "<group>";
		};
		4F847EF925A4980400627130 /* 2.SignUpTests */ = {
			isa = PBXGroup;
			children = (
				4F847EFA25A4980400627130 /* __SignUpTests.swift */,
				4F847EFC25A4980400627130 /* Info.plist */,
			);
			path = 2.SignUpTests;
			sourceTree = "<group>";
		};
		4F847F0425A4980400627130 /* 2.SignUpUITests */ = {
			isa = PBXGroup;
			children = (
				4F847F0525A4980400627130 /* __SignUpUITests.swift */,
				4F847F0725A4980400627130 /* Info.plist */,
			);
			path = 2.SignUpUITests;
			sourceTree = "<group>";
		};
		4F99173B25A5359600589ADE /* Controller */ = {
			isa = PBXGroup;
			children = (
				4F847EE725A4980100627130 /* ViewController.swift */,
				4F99173C25A535C500589ADE /* SecondViewController.swift */,
				4F3D5C3B25A556A70004F512 /* ThirdViewController.swift */,
			);
			path = Controller;
			sourceTree = "<group>";
		};
/* End PBXGroup section */

/* Begin PBXNativeTarget section */
		4F847EDF25A4980100627130 /* 2.SignUp */ = {
			isa = PBXNativeTarget;
			buildConfigurationList = 4F847F0A25A4980400627130 /* Build configuration list for PBXNativeTarget "2.SignUp" */;
			buildPhases = (
				4F847EDC25A4980100627130 /* Sources */,
				4F847EDD25A4980100627130 /* Frameworks */,
				4F847EDE25A4980100627130 /* Resources */,
			);
			buildRules = (
			);
			dependencies = (
			);
			name = 2.SignUp;
			productName = 2.SignUp;
			productReference = 4F847EE025A4980100627130 /* 2.SignUp.app */;
			productType = "com.apple.product-type.application";
		};
		4F847EF525A4980400627130 /* 2.SignUpTests */ = {
			isa = PBXNativeTarget;
			buildConfigurationList = 4F847F0D25A4980400627130 /* Build configuration list for PBXNativeTarget "2.SignUpTests" */;
			buildPhases = (
				4F847EF225A4980400627130 /* Sources */,
				4F847EF325A4980400627130 /* Frameworks */,
				4F847EF425A4980400627130 /* Resources */,
			);
			buildRules = (
			);
			dependencies = (
				4F847EF825A4980400627130 /* PBXTargetDependency */,
			);
			name = 2.SignUpTests;
			productName = 2.SignUpTests;
			productReference = 4F847EF625A4980400627130 /* 2.SignUpTests.xctest */;
			productType = "com.apple.product-type.bundle.unit-test";
		};
		4F847F0025A4980400627130 /* 2.SignUpUITests */ = {
			isa = PBXNativeTarget;
			buildConfigurationList = 4F847F1025A4980400627130 /* Build configuration list for PBXNativeTarget "2.SignUpUITests" */;
			buildPhases = (
				4F847EFD25A4980400627130 /* Sources */,
				4F847EFE25A4980400627130 /* Frameworks */,
				4F847EFF25A4980400627130 /* Resources */,
			);
			buildRules = (
			);
			dependencies = (
				4F847F0325A4980400627130 /* PBXTargetDependency */,
			);
			name = 2.SignUpUITests;
			productName = 2.SignUpUITests;
			productReference = 4F847F0125A4980400627130 /* 2.SignUpUITests.xctest */;
			productType = "com.apple.product-type.bundle.ui-testing";
		};
/* End PBXNativeTarget section */

/* Begin PBXProject section */
		4F847ED825A4980000627130 /* Project object */ = {
			isa = PBXProject;
			attributes = {
				LastSwiftUpdateCheck = 1230;
				LastUpgradeCheck = 1230;
				TargetAttributes = {
					4F847EDF25A4980100627130 = {
						CreatedOnToolsVersion = 12.3;
					};
					4F847EF525A4980400627130 = {
						CreatedOnToolsVersion = 12.3;
						TestTargetID = 4F847EDF25A4980100627130;
					};
					4F847F0025A4980400627130 = {
						CreatedOnToolsVersion = 12.3;
						TestTargetID = 4F847EDF25A4980100627130;
					};
				};
			};
			buildConfigurationList = 4F847EDB25A4980000627130 /* Build configuration list for PBXProject "2.SignUp" */;
			compatibilityVersion = "Xcode 9.3";
			developmentRegion = en;
			hasScannedForEncodings = 0;
			knownRegions = (
				en,
				Base,
			);
			mainGroup = 4F847ED725A4980000627130;
			productRefGroup = 4F847EE125A4980100627130 /* Products */;
			projectDirPath = "";
			projectRoot = "";
			targets = (
				4F847EDF25A4980100627130 /* 2.SignUp */,
				4F847EF525A4980400627130 /* 2.SignUpTests */,
				4F847F0025A4980400627130 /* 2.SignUpUITests */,
			);
		};
/* End PBXProject section */

/* Begin PBXResourcesBuildPhase section */
		4F847EDE25A4980100627130 /* Resources */ = {
			isa = PBXResourcesBuildPhase;
			buildActionMask = 2147483647;
			files = (
				4F847EF025A4980300627130 /* LaunchScreen.storyboard in Resources */,
				4F847EED25A4980300627130 /* Assets.xcassets in Resources */,
				4F847EEB25A4980100627130 /* Main.storyboard in Resources */,
			);
			runOnlyForDeploymentPostprocessing = 0;
		};
		4F847EF425A4980400627130 /* Resources */ = {
			isa = PBXResourcesBuildPhase;
			buildActionMask = 2147483647;
			files = (
			);
			runOnlyForDeploymentPostprocessing = 0;
		};
		4F847EFF25A4980400627130 /* Resources */ = {
			isa = PBXResourcesBuildPhase;
			buildActionMask = 2147483647;
			files = (
			);
			runOnlyForDeploymentPostprocessing = 0;
		};
/* End PBXResourcesBuildPhase section */

/* Begin PBXSourcesBuildPhase section */
		4F847EDC25A4980100627130 /* Sources */ = {
			isa = PBXSourcesBuildPhase;
			buildActionMask = 2147483647;
			files = (
				4F99173D25A535C500589ADE /* SecondViewController.swift in Sources */,
				4F847EE825A4980100627130 /* ViewController.swift in Sources */,
				4F3D5C3C25A556A70004F512 /* ThirdViewController.swift in Sources */,
				4F847EE425A4980100627130 /* AppDelegate.swift in Sources */,
				4F847EE625A4980100627130 /* SceneDelegate.swift in Sources */,
			);
			runOnlyForDeploymentPostprocessing = 0;
		};
		4F847EF225A4980400627130 /* Sources */ = {
			isa = PBXSourcesBuildPhase;
			buildActionMask = 2147483647;
			files = (
				4F847EFB25A4980400627130 /* __SignUpTests.swift in Sources */,
			);
			runOnlyForDeploymentPostprocessing = 0;
		};
		4F847EFD25A4980400627130 /* Sources */ = {
			isa = PBXSourcesBuildPhase;
			buildActionMask = 2147483647;
			files = (
				4F847F0625A4980400627130 /* __SignUpUITests.swift in Sources */,
			);
			runOnlyForDeploymentPostprocessing = 0;
		};
/* End PBXSourcesBuildPhase section */

/* Begin PBXTargetDependency section */
		4F847EF825A4980400627130 /* PBXTargetDependency */ = {
			isa = PBXTargetDependency;
			target = 4F847EDF25A4980100627130 /* 2.SignUp */;
			targetProxy = 4F847EF725A4980400627130 /* PBXContainerItemProxy */;
		};
		4F847F0325A4980400627130 /* PBXTargetDependency */ = {
			isa = PBXTargetDependency;
			target = 4F847EDF25A4980100627130 /* 2.SignUp */;
			targetProxy = 4F847F0225A4980400627130 /* PBXContainerItemProxy */;
		};
/* End PBXTargetDependency section */

/* Begin PBXVariantGroup section */
		4F847EE925A4980100627130 /* Main.storyboard */ = {
			isa = PBXVariantGroup;
			children = (
				4F847EEA25A4980100627130 /* Base */,
			);
			name = Main.storyboard;
			sourceTree = "<group>";
		};
		4F847EEE25A4980300627130 /* LaunchScreen.storyboard */ = {
			isa = PBXVariantGroup;
			children = (
				4F847EEF25A4980300627130 /* Base */,
			);
			name = LaunchScreen.storyboard;
			sourceTree = "<group>";
		};
/* End PBXVariantGroup section */

/* Begin XCBuildConfiguration section */
		4F847F0825A4980400627130 /* Debug */ = {
			isa = XCBuildConfiguration;
			buildSettings = {
				ALWAYS_SEARCH_USER_PATHS = NO;
				CLANG_ANALYZER_NONNULL = YES;
				CLANG_ANALYZER_NUMBER_OBJECT_CONVERSION = YES_AGGRESSIVE;
				CLANG_CXX_LANGUAGE_STANDARD = "gnu++14";
				CLANG_CXX_LIBRARY = "libc++";
				CLANG_ENABLE_MODULES = YES;
				CLANG_ENABLE_OBJC_ARC = YES;
				CLANG_ENABLE_OBJC_WEAK = YES;
				CLANG_WARN_BLOCK_CAPTURE_AUTORELEASING = YES;
				CLANG_WARN_BOOL_CONVERSION = YES;
				CLANG_WARN_COMMA = YES;
				CLANG_WARN_CONSTANT_CONVERSION = YES;
				CLANG_WARN_DEPRECATED_OBJC_IMPLEMENTATIONS = YES;
				CLANG_WARN_DIRECT_OBJC_ISA_USAGE = YES_ERROR;
				CLANG_WARN_DOCUMENTATION_COMMENTS = YES;
				CLANG_WARN_EMPTY_BODY = YES;
				CLANG_WARN_ENUM_CONVERSION = YES;
				CLANG_WARN_INFINITE_RECURSION = YES;
				CLANG_WARN_INT_CONVERSION = YES;
				CLANG_WARN_NON_LITERAL_NULL_CONVERSION = YES;
				CLANG_WARN_OBJC_IMPLICIT_RETAIN_SELF = YES;
				CLANG_WARN_OBJC_LITERAL_CONVERSION = YES;
				CLANG_WARN_OBJC_ROOT_CLASS = YES_ERROR;
				CLANG_WARN_QUOTED_INCLUDE_IN_FRAMEWORK_HEADER = YES;
				CLANG_WARN_RANGE_LOOP_ANALYSIS = YES;
				CLANG_WARN_STRICT_PROTOTYPES = YES;
				CLANG_WARN_SUSPICIOUS_MOVE = YES;
				CLANG_WARN_UNGUARDED_AVAILABILITY = YES_AGGRESSIVE;
				CLANG_WARN_UNREACHABLE_CODE = YES;
				CLANG_WARN__DUPLICATE_METHOD_MATCH = YES;
				COPY_PHASE_STRIP = NO;
				DEBUG_INFORMATION_FORMAT = dwarf;
				ENABLE_STRICT_OBJC_MSGSEND = YES;
				ENABLE_TESTABILITY = YES;
				GCC_C_LANGUAGE_STANDARD = gnu11;
				GCC_DYNAMIC_NO_PIC = NO;
				GCC_NO_COMMON_BLOCKS = YES;
				GCC_OPTIMIZATION_LEVEL = 0;
				GCC_PREPROCESSOR_DEFINITIONS = (
					"DEBUG=1",
					"$(inherited)",
				);
				GCC_WARN_64_TO_32_BIT_CONVERSION = YES;
				GCC_WARN_ABOUT_RETURN_TYPE = YES_ERROR;
				GCC_WARN_UNDECLARED_SELECTOR = YES;
				GCC_WARN_UNINITIALIZED_AUTOS = YES_AGGRESSIVE;
				GCC_WARN_UNUSED_FUNCTION = YES;
				GCC_WARN_UNUSED_VARIABLE = YES;
				IPHONEOS_DEPLOYMENT_TARGET = 14.3;
				MTL_ENABLE_DEBUG_INFO = INCLUDE_SOURCE;
				MTL_FAST_MATH = YES;
				ONLY_ACTIVE_ARCH = YES;
				SDKROOT = iphoneos;
				SWIFT_ACTIVE_COMPILATION_CONDITIONS = DEBUG;
				SWIFT_OPTIMIZATION_LEVEL = "-Onone";
			};
			name = Debug;
		};
		4F847F0925A4980400627130 /* Release */ = {
			isa = XCBuildConfiguration;
			buildSettings = {
				ALWAYS_SEARCH_USER_PATHS = NO;
				CLANG_ANALYZER_NONNULL = YES;
				CLANG_ANALYZER_NUMBER_OBJECT_CONVERSION = YES_AGGRESSIVE;
				CLANG_CXX_LANGUAGE_STANDARD = "gnu++14";
				CLANG_CXX_LIBRARY = "libc++";
				CLANG_ENABLE_MODULES = YES;
				CLANG_ENABLE_OBJC_ARC = YES;
				CLANG_ENABLE_OBJC_WEAK = YES;
				CLANG_WARN_BLOCK_CAPTURE_AUTORELEASING = YES;
				CLANG_WARN_BOOL_CONVERSION = YES;
				CLANG_WARN_COMMA = YES;
				CLANG_WARN_CONSTANT_CONVERSION = YES;
				CLANG_WARN_DEPRECATED_OBJC_IMPLEMENTATIONS = YES;
				CLANG_WARN_DIRECT_OBJC_ISA_USAGE = YES_ERROR;
				CLANG_WARN_DOCUMENTATION_COMMENTS = YES;
				CLANG_WARN_EMPTY_BODY = YES;
				CLANG_WARN_ENUM_CONVERSION = YES;
				CLANG_WARN_INFINITE_RECURSION = YES;
				CLANG_WARN_INT_CONVERSION = YES;
				CLANG_WARN_NON_LITERAL_NULL_CONVERSION = YES;
				CLANG_WARN_OBJC_IMPLICIT_RETAIN_SELF = YES;
				CLANG_WARN_OBJC_LITERAL_CONVERSION = YES;
				CLANG_WARN_OBJC_ROOT_CLASS = YES_ERROR;
				CLANG_WARN_QUOTED_INCLUDE_IN_FRAMEWORK_HEADER = YES;
				CLANG_WARN_RANGE_LOOP_ANALYSIS = YES;
				CLANG_WARN_STRICT_PROTOTYPES = YES;
				CLANG_WARN_SUSPICIOUS_MOVE = YES;
				CLANG_WARN_UNGUARDED_AVAILABILITY = YES_AGGRESSIVE;
				CLANG_WARN_UNREACHABLE_CODE = YES;
				CLANG_WARN__DUPLICATE_METHOD_MATCH = YES;
				COPY_PHASE_STRIP = NO;
				DEBUG_INFORMATION_FORMAT = "dwarf-with-dsym";
				ENABLE_NS_ASSERTIONS = NO;
				ENABLE_STRICT_OBJC_MSGSEND = YES;
				GCC_C_LANGUAGE_STANDARD = gnu11;
				GCC_NO_COMMON_BLOCKS = YES;
				GCC_WARN_64_TO_32_BIT_CONVERSION = YES;
				GCC_WARN_ABOUT_RETURN_TYPE = YES_ERROR;
				GCC_WARN_UNDECLARED_SELECTOR = YES;
				GCC_WARN_UNINITIALIZED_AUTOS = YES_AGGRESSIVE;
				GCC_WARN_UNUSED_FUNCTION = YES;
				GCC_WARN_UNUSED_VARIABLE = YES;
				IPHONEOS_DEPLOYMENT_TARGET = 14.3;
				MTL_ENABLE_DEBUG_INFO = NO;
				MTL_FAST_MATH = YES;
				SDKROOT = iphoneos;
				SWIFT_COMPILATION_MODE = wholemodule;
				SWIFT_OPTIMIZATION_LEVEL = "-O";
				VALIDATE_PRODUCT = YES;
			};
			name = Release;
		};
		4F847F0B25A4980400627130 /* Debug */ = {
			isa = XCBuildConfiguration;
			buildSettings = {
				ASSETCATALOG_COMPILER_APPICON_NAME = AppIcon;
				ASSETCATALOG_COMPILER_GLOBAL_ACCENT_COLOR_NAME = AccentColor;
				CODE_SIGN_STYLE = Automatic;
				INFOPLIST_FILE = 2.SignUp/Info.plist;
				LD_RUNPATH_SEARCH_PATHS = (
					"$(inherited)",
					"@executable_path/Frameworks",
				);
				PRODUCT_BUNDLE_IDENTIFIER = "ios.--SignUp";
				PRODUCT_NAME = "$(TARGET_NAME)";
				SWIFT_VERSION = 5.0;
				TARGETED_DEVICE_FAMILY = "1,2";
			};
			name = Debug;
		};
		4F847F0C25A4980400627130 /* Release */ = {
			isa = XCBuildConfiguration;
			buildSettings = {
				ASSETCATALOG_COMPILER_APPICON_NAME = AppIcon;
				ASSETCATALOG_COMPILER_GLOBAL_ACCENT_COLOR_NAME = AccentColor;
				CODE_SIGN_STYLE = Automatic;
				INFOPLIST_FILE = 2.SignUp/Info.plist;
				LD_RUNPATH_SEARCH_PATHS = (
					"$(inherited)",
					"@executable_path/Frameworks",
				);
				PRODUCT_BUNDLE_IDENTIFIER = "ios.--SignUp";
				PRODUCT_NAME = "$(TARGET_NAME)";
				SWIFT_VERSION = 5.0;
				TARGETED_DEVICE_FAMILY = "1,2";
			};
			name = Release;
		};
		4F847F0E25A4980400627130 /* Debug */ = {
			isa = XCBuildConfiguration;
			buildSettings = {
				ALWAYS_EMBED_SWIFT_STANDARD_LIBRARIES = YES;
				BUNDLE_LOADER = "$(TEST_HOST)";
				CODE_SIGN_STYLE = Automatic;
				INFOPLIST_FILE = 2.SignUpTests/Info.plist;
				IPHONEOS_DEPLOYMENT_TARGET = 14.3;
				LD_RUNPATH_SEARCH_PATHS = (
					"$(inherited)",
					"@executable_path/Frameworks",
					"@loader_path/Frameworks",
				);
				PRODUCT_BUNDLE_IDENTIFIER = "ios.--SignUpTests";
				PRODUCT_NAME = "$(TARGET_NAME)";
				SWIFT_VERSION = 5.0;
				TARGETED_DEVICE_FAMILY = "1,2";
				TEST_HOST = "$(BUILT_PRODUCTS_DIR)/2.SignUp.app/2.SignUp";
			};
			name = Debug;
		};
		4F847F0F25A4980400627130 /* Release */ = {
			isa = XCBuildConfiguration;
			buildSettings = {
				ALWAYS_EMBED_SWIFT_STANDARD_LIBRARIES = YES;
				BUNDLE_LOADER = "$(TEST_HOST)";
				CODE_SIGN_STYLE = Automatic;
				INFOPLIST_FILE = 2.SignUpTests/Info.plist;
				IPHONEOS_DEPLOYMENT_TARGET = 14.3;
				LD_RUNPATH_SEARCH_PATHS = (
					"$(inherited)",
					"@executable_path/Frameworks",
					"@loader_path/Frameworks",
				);
				PRODUCT_BUNDLE_IDENTIFIER = "ios.--SignUpTests";
				PRODUCT_NAME = "$(TARGET_NAME)";
				SWIFT_VERSION = 5.0;
				TARGETED_DEVICE_FAMILY = "1,2";
				TEST_HOST = "$(BUILT_PRODUCTS_DIR)/2.SignUp.app/2.SignUp";
			};
			name = Release;
		};
		4F847F1125A4980400627130 /* Debug */ = {
			isa = XCBuildConfiguration;
			buildSettings = {
				ALWAYS_EMBED_SWIFT_STANDARD_LIBRARIES = YES;
				CODE_SIGN_STYLE = Automatic;
				INFOPLIST_FILE = 2.SignUpUITests/Info.plist;
				LD_RUNPATH_SEARCH_PATHS = (
					"$(inherited)",
					"@executable_path/Frameworks",
					"@loader_path/Frameworks",
				);
				PRODUCT_BUNDLE_IDENTIFIER = "ios.--SignUpUITests";
				PRODUCT_NAME = "$(TARGET_NAME)";
				SWIFT_VERSION = 5.0;
				TARGETED_DEVICE_FAMILY = "1,2";
				TEST_TARGET_NAME = 2.SignUp;
			};
			name = Debug;
		};
		4F847F1225A4980400627130 /* Release */ = {
			isa = XCBuildConfiguration;
			buildSettings = {
				ALWAYS_EMBED_SWIFT_STANDARD_LIBRARIES = YES;
				CODE_SIGN_STYLE = Automatic;
				INFOPLIST_FILE = 2.SignUpUITests/Info.plist;
				LD_RUNPATH_SEARCH_PATHS = (
					"$(inherited)",
					"@executable_path/Frameworks",
					"@loader_path/Frameworks",
				);
				PRODUCT_BUNDLE_IDENTIFIER = "ios.--SignUpUITests";
				PRODUCT_NAME = "$(TARGET_NAME)";
				SWIFT_VERSION = 5.0;
				TARGETED_DEVICE_FAMILY = "1,2";
				TEST_TARGET_NAME = 2.SignUp;
			};
			name = Release;
		};
/* End XCBuildConfiguration section */

/* Begin XCConfigurationList section */
		4F847EDB25A4980000627130 /* Build configuration list for PBXProject "2.SignUp" */ = {
			isa = XCConfigurationList;
			buildConfigurations = (
				4F847F0825A4980400627130 /* Debug */,
				4F847F0925A4980400627130 /* Release */,
			);
			defaultConfigurationIsVisible = 0;
			defaultConfigurationName = Release;
		};
		4F847F0A25A4980400627130 /* Build configuration list for PBXNativeTarget "2.SignUp" */ = {
			isa = XCConfigurationList;
			buildConfigurations = (
				4F847F0B25A4980400627130 /* Debug */,
				4F847F0C25A4980400627130 /* Release */,
			);
			defaultConfigurationIsVisible = 0;
			defaultConfigurationName = Release;
		};
		4F847F0D25A4980400627130 /* Build configuration list for PBXNativeTarget "2.SignUpTests" */ = {
			isa = XCConfigurationList;
			buildConfigurations = (
				4F847F0E25A4980400627130 /* Debug */,
				4F847F0F25A4980400627130 /* Release */,
			);
			defaultConfigurationIsVisible = 0;
			defaultConfigurationName = Release;
		};
		4F847F1025A4980400627130 /* Build configuration list for PBXNativeTarget "2.SignUpUITests" */ = {
			isa = XCConfigurationList;
			buildConfigurations = (
				4F847F1125A4980400627130 /* Debug */,
				4F847F1225A4980400627130 /* Release */,
			);
			defaultConfigurationIsVisible = 0;
			defaultConfigurationName = Release;
		};
/* End XCConfigurationList section */
	};
	rootObject = 4F847ED825A4980000627130 /* Project object */;
}
